// !$*UTF8*$!
{
	archiveVersion = 1;
	classes = {
	};
	objectVersion = 50;
	objects = {

/* Begin PBXBuildFile section */
		9638E8CB24799AD70088C68C /* AppDelegate.swift in Sources */ = {isa = PBXBuildFile; fileRef = 9638E8CA24799AD70088C68C /* AppDelegate.swift */; };
		9638E8CD24799AD70088C68C /* SceneDelegate.swift in Sources */ = {isa = PBXBuildFile; fileRef = 9638E8CC24799AD70088C68C /* SceneDelegate.swift */; };
		9638E8CF24799AD70088C68C /* ViewController.swift in Sources */ = {isa = PBXBuildFile; fileRef = 9638E8CE24799AD70088C68C /* ViewController.swift */; };
		9638E8D224799AD70088C68C /* Main.storyboard in Resources */ = {isa = PBXBuildFile; fileRef = 9638E8D024799AD70088C68C /* Main.storyboard */; };
		9638E8D424799AD80088C68C /* Assets.xcassets in Resources */ = {isa = PBXBuildFile; fileRef = 9638E8D324799AD80088C68C /* Assets.xcassets */; };
		9638E8D724799AD80088C68C /* LaunchScreen.storyboard in Resources */ = {isa = PBXBuildFile; fileRef = 9638E8D524799AD80088C68C /* LaunchScreen.storyboard */; };
		96540E1E247DC41900531F5E /* Constants.swift in Sources */ = {isa = PBXBuildFile; fileRef = 96540E1D247DC41900531F5E /* Constants.swift */; };
/* End PBXBuildFile section */

/* Begin PBXFileReference section */
		9638E8C724799AD70088C68C /* youtube-demo.app */ = {isa = PBXFileReference; explicitFileType = wrapper.application; includeInIndex = 0; path = "youtube-demo.app"; sourceTree = BUILT_PRODUCTS_DIR; };
		9638E8CA24799AD70088C68C /* AppDelegate.swift */ = {isa = PBXFileReference; lastKnownFileType = sourcecode.swift; path = AppDelegate.swift; sourceTree = "<group>"; };
		9638E8CC24799AD70088C68C /* SceneDelegate.swift */ = {isa = PBXFileReference; lastKnownFileType = sourcecode.swift; path = SceneDelegate.swift; sourceTree = "<group>"; };
		9638E8CE24799AD70088C68C /* ViewController.swift */ = {isa = PBXFileReference; lastKnownFileType = sourcecode.swift; path = ViewController.swift; sourceTree = "<group>"; };
		9638E8D124799AD70088C68C /* Base */ = {isa = PBXFileReference; lastKnownFileType = file.storyboard; name = Base; path = Base.lproj/Main.storyboard; sourceTree = "<group>"; };
		9638E8D324799AD80088C68C /* Assets.xcassets */ = {isa = PBXFileReference; lastKnownFileType = folder.assetcatalog; path = Assets.xcassets; sourceTree = "<group>"; };
		9638E8D624799AD80088C68C /* Base */ = {isa = PBXFileReference; lastKnownFileType = file.storyboard; name = Base; path = Base.lproj/LaunchScreen.storyboard; sourceTree = "<group>"; };
		9638E8D824799AD80088C68C /* Info.plist */ = {isa = PBXFileReference; lastKnownFileType = text.plist.xml; path = Info.plist; sourceTree = "<group>"; };
		96540E1D247DC41900531F5E /* Constants.swift */ = {isa = PBXFileReference; lastKnownFileType = sourcecode.swift; path = Constants.swift; sourceTree = "<group>"; };
/* End PBXFileReference section */

/* Begin PBXFrameworksBuildPhase section */
		9638E8C424799AD70088C68C /* Frameworks */ = {
			isa = PBXFrameworksBuildPhase;
			buildActionMask = 2147483647;
			files = (
			);
			runOnlyForDeploymentPostprocessing = 0;
		};
/* End PBXFrameworksBuildPhase section */

/* Begin PBXGroup section */
		9638E8BE24799AD70088C68C = {
			isa = PBXGroup;
			children = (
				9638E8C924799AD70088C68C /* youtube-demo */,
				9638E8C824799AD70088C68C /* Products */,
			);
			sourceTree = "<group>";
		};
		9638E8C824799AD70088C68C /* Products */ = {
			isa = PBXGroup;
			children = (
				9638E8C724799AD70088C68C /* youtube-demo.app */,
			);
			name = Products;
			sourceTree = "<group>";
		};
		9638E8C924799AD70088C68C /* youtube-demo */ = {
			isa = PBXGroup;
			children = (
				9638E8CA24799AD70088C68C /* AppDelegate.swift */,
				9638E8CC24799AD70088C68C /* SceneDelegate.swift */,
				9638E8CE24799AD70088C68C /* ViewController.swift */,
				9638E8D024799AD70088C68C /* Main.storyboard */,
				9638E8D324799AD80088C68C /* Assets.xcassets */,
				9638E8D524799AD80088C68C /* LaunchScreen.storyboard */,
				9638E8D824799AD80088C68C /* Info.plist */,
				96540E1D247DC41900531F5E /* Constants.swift */,
			);
			path = "youtube-demo";
			sourceTree = "<group>";
		};
/* End PBXGroup section */

/* Begin PBXNativeTarget section */
		9638E8C624799AD70088C68C /* youtube-demo */ = {
			isa = PBXNativeTarget;
			buildConfigurationList = 9638E8DB24799AD80088C68C /* Build configuration list for PBXNativeTarget "youtube-demo" */;
			buildPhases = (
				9638E8C324799AD70088C68C /* Sources */,
				9638E8C424799AD70088C68C /* Frameworks */,
				9638E8C524799AD70088C68C /* Resources */,
			);
			buildRules = (
			);
			dependencies = (
			);
			name = "youtube-demo";
			productName = "youtube-demo";
			productReference = 9638E8C724799AD70088C68C /* youtube-demo.app */;
			productType = "com.apple.product-type.application";
		};
/* End PBXNativeTarget section */

/* Begin PBXProject section */
		9638E8BF24799AD70088C68C /* Project object */ = {
			isa = PBXProject;
			attributes = {
				LastSwiftUpdateCheck = 1140;
				LastUpgradeCheck = 1140;
				ORGANIZATIONNAME = "Sanviraj Zahin Haque";
				TargetAttributes = {
					9638E8C624799AD70088C68C = {
						CreatedOnToolsVersion = 11.4.1;
					};
				};
			};
			buildConfigurationList = 9638E8C224799AD70088C68C /* Build configuration list for PBXProject "youtube-demo" */;
			compatibilityVersion = "Xcode 9.3";
			developmentRegion = en;
			hasScannedForEncodings = 0;
			knownRegions = (
				en,
				Base,
			);
			mainGroup = 9638E8BE24799AD70088C68C;
			productRefGroup = 9638E8C824799AD70088C68C /* Products */;
			projectDirPath = "";
			projectRoot = "";
			targets = (
				9638E8C624799AD70088C68C /* youtube-demo */,
			);
		};
/* End PBXProject section */

/* Begin PBXResourcesBuildPhase section */
		9638E8C524799AD70088C68C /* Resources */ = {
			isa = PBXResourcesBuildPhase;
			buildActionMask = 2147483647;
			files = (
				9638E8D724799AD80088C68C /* LaunchScreen.storyboard in Resources */,
				9638E8D424799AD80088C68C /* Assets.xcassets in Resources */,
				9638E8D224799AD70088C68C /* Main.storyboard in Resources */,
			);
			runOnlyForDeploymentPostprocessing = 0;
		};
/* End PBXResourcesBuildPhase section */

/* Begin PBXSourcesBuildPhase section */
		9638E8C324799AD70088C68C /* Sources */ = {
			isa = PBXSourcesBuildPhase;
			buildActionMask = 2147483647;
			files = (
				9638E8CF24799AD70088C68C /* ViewController.swift in Sources */,
				9638E8CB24799AD70088C68C /* AppDelegate.swift in Sources */,
				9638E8CD24799AD70088C68C /* SceneDelegate.swift in Sources */,
				96540E1E247DC41900531F5E /* Constants.swift in Sources */,
			);
			runOnlyForDeploymentPostprocessing = 0;
		};
/* End PBXSourcesBuildPhase section */

/* Begin PBXVariantGroup section */
		9638E8D024799AD70088C68C /* Main.storyboard */ = {
			isa = PBXVariantGroup;
			children = (
				9638E8D124799AD70088C68C /* Base */,
			);
			name = Main.storyboard;
			sourceTree = "<group>";
		};
		9638E8D524799AD80088C68C /* LaunchScreen.storyboard */ = {
			isa = PBXVariantGroup;
			children = (
				9638E8D624799AD80088C68C /* Base */,
			);
			name = LaunchScreen.storyboard;
			sourceTree = "<group>";
		};
/* End PBXVariantGroup section */

/* Begin XCBuildConfiguration section */
		9638E8D924799AD80088C68C /* Debug */ = {
			isa = XCBuildConfiguration;
			buildSettings = {
				ALWAYS_SEARCH_USER_PATHS = NO;
				CLANG_ANALYZER_NONNULL = YES;
				CLANG_ANALYZER_NUMBER_OBJECT_CONVERSION = YES_AGGRESSIVE;
				CLANG_CXX_LANGUAGE_STANDARD = "gnu++14";
				CLANG_CXX_LIBRARY = "libc++";
				CLANG_ENABLE_MODULES = YES;
				CLANG_ENABLE_OBJC_ARC = YES;
				CLANG_ENABLE_OBJC_WEAK = YES;
				CLANG_WARN_BLOCK_CAPTURE_AUTORELEASING = YES;
				CLANG_WARN_BOOL_CONVERSION = YES;
				CLANG_WARN_COMMA = YES;
				CLANG_WARN_CONSTANT_CONVERSION = YES;
				CLANG_WARN_DEPRECATED_OBJC_IMPLEMENTATIONS = YES;
				CLANG_WARN_DIRECT_OBJC_ISA_USAGE = YES_ERROR;
				CLANG_WARN_DOCUMENTATION_COMMENTS = YES;
				CLANG_WARN_EMPTY_BODY = YES;
				CLANG_WARN_ENUM_CONVERSION = YES;
				CLANG_WARN_INFINITE_RECURSION = YES;
				CLANG_WARN_INT_CONVERSION = YES;
				CLANG_WARN_NON_LITERAL_NULL_CONVERSION = YES;
				CLANG_WARN_OBJC_IMPLICIT_RETAIN_SELF = YES;
				CLANG_WARN_OBJC_LITERAL_CONVERSION = YES;
				CLANG_WARN_OBJC_ROOT_CLASS = YES_ERROR;
				CLANG_WARN_RANGE_LOOP_ANALYSIS = YES;
				CLANG_WARN_STRICT_PROTOTYPES = YES;
				CLANG_WARN_SUSPICIOUS_MOVE = YES;
				CLANG_WARN_UNGUARDED_AVAILABILITY = YES_AGGRESSIVE;
				CLANG_WARN_UNREACHABLE_CODE = YES;
				CLANG_WARN__DUPLICATE_METHOD_MATCH = YES;
				COPY_PHASE_STRIP = NO;
				DEBUG_INFORMATION_FORMAT = dwarf;
				ENABLE_STRICT_OBJC_MSGSEND = YES;
				ENABLE_TESTABILITY = YES;
				GCC_C_LANGUAGE_STANDARD = gnu11;
				GCC_DYNAMIC_NO_PIC = NO;
				GCC_NO_COMMON_BLOCKS = YES;
				GCC_OPTIMIZATION_LEVEL = 0;
				GCC_PREPROCESSOR_DEFINITIONS = (
					"DEBUG=1",
					"$(inherited)",
				);
				GCC_WARN_64_TO_32_BIT_CONVERSION = YES;
				GCC_WARN_ABOUT_RETURN_TYPE = YES_ERROR;
				GCC_WARN_UNDECLARED_SELECTOR = YES;
				GCC_WARN_UNINITIALIZED_AUTOS = YES_AGGRESSIVE;
				GCC_WARN_UNUSED_FUNCTION = YES;
				GCC_WARN_UNUSED_VARIABLE = YES;
				IPHONEOS_DEPLOYMENT_TARGET = 13.4;
				MTL_ENABLE_DEBUG_INFO = INCLUDE_SOURCE;
				MTL_FAST_MATH = YES;
				ONLY_ACTIVE_ARCH = YES;
				SDKROOT = iphoneos;
				SWIFT_ACTIVE_COMPILATION_CONDITIONS = DEBUG;
				SWIFT_OPTIMIZATION_LEVEL = "-Onone";
			};
			name = Debug;
		};
		9638E8DA24799AD80088C68C /* Release */ = {
			isa = XCBuildConfiguration;
			buildSettings = {
				ALWAYS_SEARCH_USER_PATHS = NO;
				CLANG_ANALYZER_NONNULL = YES;
				CLANG_ANALYZER_NUMBER_OBJECT_CONVERSION = YES_AGGRESSIVE;
				CLANG_CXX_LANGUAGE_STANDARD = "gnu++14";
				CLANG_CXX_LIBRARY = "libc++";
				CLANG_ENABLE_MODULES = YES;
				CLANG_ENABLE_OBJC_ARC = YES;
				CLANG_ENABLE_OBJC_WEAK = YES;
				CLANG_WARN_BLOCK_CAPTURE_AUTORELEASING = YES;
				CLANG_WARN_BOOL_CONVERSION = YES;
				CLANG_WARN_COMMA = YES;
				CLANG_WARN_CONSTANT_CONVERSION = YES;
				CLANG_WARN_DEPRECATED_OBJC_IMPLEMENTATIONS = YES;
				CLANG_WARN_DIRECT_OBJC_ISA_USAGE = YES_ERROR;
				CLANG_WARN_DOCUMENTATION_COMMENTS = YES;
				CLANG_WARN_EMPTY_BODY = YES;
				CLANG_WARN_ENUM_CONVERSION = YES;
				CLANG_WARN_INFINITE_RECURSION = YES;
				CLANG_WARN_INT_CONVERSION = YES;
				CLANG_WARN_NON_LITERAL_NULL_CONVERSION = YES;
				CLANG_WARN_OBJC_IMPLICIT_RETAIN_SELF = YES;
				CLANG_WARN_OBJC_LITERAL_CONVERSION = YES;
				CLANG_WARN_OBJC_ROOT_CLASS = YES_ERROR;
				CLANG_WARN_RANGE_LOOP_ANALYSIS = YES;
				CLANG_WARN_STRICT_PROTOTYPES = YES;
				CLANG_WARN_SUSPICIOUS_MOVE = YES;
				CLANG_WARN_UNGUARDED_AVAILABILITY = YES_AGGRESSIVE;
				CLANG_WARN_UNREACHABLE_CODE = YES;
				CLANG_WARN__DUPLICATE_METHOD_MATCH = YES;
				COPY_PHASE_STRIP = NO;
				DEBUG_INFORMATION_FORMAT = "dwarf-with-dsym";
				ENABLE_NS_ASSERTIONS = NO;
				ENABLE_STRICT_OBJC_MSGSEND = YES;
				GCC_C_LANGUAGE_STANDARD = gnu11;
				GCC_NO_COMMON_BLOCKS = YES;
				GCC_WARN_64_TO_32_BIT_CONVERSION = YES;
				GCC_WARN_ABOUT_RETURN_TYPE = YES_ERROR;
				GCC_WARN_UNDECLARED_SELECTOR = YES;
				GCC_WARN_UNINITIALIZED_AUTOS = YES_AGGRESSIVE;
				GCC_WARN_UNUSED_FUNCTION = YES;
				GCC_WARN_UNUSED_VARIABLE = YES;
				IPHONEOS_DEPLOYMENT_TARGET = 13.4;
				MTL_ENABLE_DEBUG_INFO = NO;
				MTL_FAST_MATH = YES;
				SDKROOT = iphoneos;
				SWIFT_COMPILATION_MODE = wholemodule;
				SWIFT_OPTIMIZATION_LEVEL = "-O";
				VALIDATE_PRODUCT = YES;
			};
			name = Release;
		};
		9638E8DC24799AD80088C68C /* Debug */ = {
			isa = XCBuildConfiguration;
			buildSettings = {
				ASSETCATALOG_COMPILER_APPICON_NAME = AppIcon;
				CODE_SIGN_STYLE = Automatic;
				INFOPLIST_FILE = "youtube-demo/Info.plist";
				LD_RUNPATH_SEARCH_PATHS = (
					"$(inherited)",
					"@executable_path/Frameworks",
				);
				PRODUCT_BUNDLE_IDENTIFIER = "com.hello.youtube-demo";
				PRODUCT_NAME = "$(TARGET_NAME)";
				SWIFT_VERSION = 5.0;
				TARGETED_DEVICE_FAMILY = "1,2";
			};
			name = Debug;
		};
		9638E8DD24799AD80088C68C /* Release */ = {
			isa = XCBuildConfiguration;
			buildSettings = {
				ASSETCATALOG_COMPILER_APPICON_NAME = AppIcon;
				CODE_SIGN_STYLE = Automatic;
				INFOPLIST_FILE = "youtube-demo/Info.plist";
				LD_RUNPATH_SEARCH_PATHS = (
					"$(inherited)",
					"@executable_path/Frameworks",
				);
				PRODUCT_BUNDLE_IDENTIFIER = "com.hello.youtube-demo";
				PRODUCT_NAME = "$(TARGET_NAME)";
				SWIFT_VERSION = 5.0;
				TARGETED_DEVICE_FAMILY = "1,2";
			};
			name = Release;
		};
/* End XCBuildConfiguration section */

/* Begin XCConfigurationList section */
		9638E8C224799AD70088C68C /* Build configuration list for PBXProject "youtube-demo" */ = {
			isa = XCConfigurationList;
			buildConfigurations = (
				9638E8D924799AD80088C68C /* Debug */,
				9638E8DA24799AD80088C68C /* Release */,
			);
			defaultConfigurationIsVisible = 0;
			defaultConfigurationName = Release;
		};
		9638E8DB24799AD80088C68C /* Build configuration list for PBXNativeTarget "youtube-demo" */ = {
			isa = XCConfigurationList;
			buildConfigurations = (
				9638E8DC24799AD80088C68C /* Debug */,
				9638E8DD24799AD80088C68C /* Release */,
			);
			defaultConfigurationIsVisible = 0;
			defaultConfigurationName = Release;
		};
/* End XCConfigurationList section */
	};
	rootObject = 9638E8BF24799AD70088C68C /* Project object */;
}
